
Microsoft Visual Studio Solution File, Format Version 12.00
# Visual Studio Version 17
VisualStudioVersion = 17.5.002.0
MinimumVisualStudioVersion = 10.0.40219.1
Project("{9A19103F-16F7-4668-BE54-9A1E7A4F7556}") = "programacao motores24", "programacao motores24.csproj", "{A730E9F5-D71D-485E-AB39-839E41F5B5BD}"
EndProject
Global
	GlobalSection(SolutionConfigurationPlatforms) = preSolution
		Debug|Any CPU = Debug|Any CPU
		Release|Any CPU = Release|Any CPU
	EndGlobalSection
	GlobalSection(ProjectConfigurationPlatforms) = postSolution
		{A730E9F5-D71D-485E-AB39-839E41F5B5BD}.Debug|Any CPU.ActiveCfg = Debug|Any CPU
		{A730E9F5-D71D-485E-AB39-839E41F5B5BD}.Debug|Any CPU.Build.0 = Debug|Any CPU
		{A730E9F5-D71D-485E-AB39-839E41F5B5BD}.Release|Any CPU.ActiveCfg = Release|Any CPU
		{A730E9F5-D71D-485E-AB39-839E41F5B5BD}.Release|Any CPU.Build.0 = Release|Any CPU
	EndGlobalSection
	GlobalSection(SolutionProperties) = preSolution
		HideSolutionNode = FALSE
	EndGlobalSection
	GlobalSection(ExtensibilityGlobals) = postSolution
		SolutionGuid = {22FB91C4-628D-4491-9283-18383B33D18C}
	EndGlobalSection
EndGlobal
